// !$*UTF8*$!
{
	archiveVersion = 1;
	classes = {
	};
	objectVersion = 46;
	objects = {

/* Begin PBXBuildFile section */
		25C515C0190773D700B6CFF0 /* Foundation.framework in Frameworks */ = {isa = PBXBuildFile; fileRef = 25C515BF190773D700B6CFF0 /* Foundation.framework */; };
		25C515C2190773D700B6CFF0 /* CoreGraphics.framework in Frameworks */ = {isa = PBXBuildFile; fileRef = 25C515C1190773D700B6CFF0 /* CoreGraphics.framework */; };
		25C515C4190773D700B6CFF0 /* UIKit.framework in Frameworks */ = {isa = PBXBuildFile; fileRef = 25C515C3190773D700B6CFF0 /* UIKit.framework */; };
		25C515CA190773D700B6CFF0 /* InfoPlist.strings in Resources */ = {isa = PBXBuildFile; fileRef = 25C515C8190773D700B6CFF0 /* InfoPlist.strings */; };
		25C515CC190773D700B6CFF0 /* main.m in Sources */ = {isa = PBXBuildFile; fileRef = 25C515CB190773D700B6CFF0 /* main.m */; };
		25C515D0190773D700B6CFF0 /* AppDelegate.m in Sources */ = {isa = PBXBuildFile; fileRef = 25C515CF190773D700B6CFF0 /* AppDelegate.m */; };
		25C515D2190773D700B6CFF0 /* Images.xcassets in Resources */ = {isa = PBXBuildFile; fileRef = 25C515D1190773D700B6CFF0 /* Images.xcassets */; };
		25C515D9190773D700B6CFF0 /* XCTest.framework in Frameworks */ = {isa = PBXBuildFile; fileRef = 25C515D8190773D700B6CFF0 /* XCTest.framework */; };
		25C515DA190773D700B6CFF0 /* Foundation.framework in Frameworks */ = {isa = PBXBuildFile; fileRef = 25C515BF190773D700B6CFF0 /* Foundation.framework */; };
		25C515DB190773D700B6CFF0 /* UIKit.framework in Frameworks */ = {isa = PBXBuildFile; fileRef = 25C515C3190773D700B6CFF0 /* UIKit.framework */; };
		25C515E3190773D700B6CFF0 /* InfoPlist.strings in Resources */ = {isa = PBXBuildFile; fileRef = 25C515E1190773D700B6CFF0 /* InfoPlist.strings */; };
		25C515E5190773D700B6CFF0 /* CoreAss02Tests.m in Sources */ = {isa = PBXBuildFile; fileRef = 25C515E4190773D700B6CFF0 /* CoreAss02Tests.m */; };
		25C515F01907769F00B6CFF0 /* MainViewController.m in Sources */ = {isa = PBXBuildFile; fileRef = 25C515EF1907769F00B6CFF0 /* MainViewController.m */; };
		25C515F6190776D200B6CFF0 /* NoteViewController.m in Sources */ = {isa = PBXBuildFile; fileRef = 25C515F5190776D200B6CFF0 /* NoteViewController.m */; };
		25C515F91907771900B6CFF0 /* NoteDetailViewController.m in Sources */ = {isa = PBXBuildFile; fileRef = 25C515F81907771900B6CFF0 /* NoteDetailViewController.m */; };
		25C5161119077ABC00B6CFF0 /* add.png in Resources */ = {isa = PBXBuildFile; fileRef = 25C515FB19077ABC00B6CFF0 /* add.png */; };
		25C5161219077ABC00B6CFF0 /* backgroung@2x.png in Resources */ = {isa = PBXBuildFile; fileRef = 25C515FC19077ABC00B6CFF0 /* backgroung@2x.png */; };
		25C5161319077ABC00B6CFF0 /* base.png in Resources */ = {isa = PBXBuildFile; fileRef = 25C515FD19077ABC00B6CFF0 /* base.png */; };
		25C5161419077ABC00B6CFF0 /* cancel.png in Resources */ = {isa = PBXBuildFile; fileRef = 25C515FE19077ABC00B6CFF0 /* cancel.png */; };
		25C5161519077ABC00B6CFF0 /* done.png in Resources */ = {isa = PBXBuildFile; fileRef = 25C515FF19077ABC00B6CFF0 /* done.png */; };
		25C5161619077ABC00B6CFF0 /* ALTGOT2N.ttf in Resources */ = {isa = PBXBuildFile; fileRef = 25C5160119077ABC00B6CFF0 /* ALTGOT2N.ttf */; };
		25C5161719077ABC00B6CFF0 /* APJapanesefont.ttf in Resources */ = {isa = PBXBuildFile; fileRef = 25C5160219077ABC00B6CFF0 /* APJapanesefont.ttf */; };
		25C5161819077ABC00B6CFF0 /* Bigmouth-Bold.ttf in Resources */ = {isa = PBXBuildFile; fileRef = 25C5160319077ABC00B6CFF0 /* Bigmouth-Bold.ttf */; };
		25C5161919077ABC00B6CFF0 /* Lato-Bol.ttf in Resources */ = {isa = PBXBuildFile; fileRef = 25C5160419077ABC00B6CFF0 /* Lato-Bol.ttf */; };
		25C5161A19077ABC00B6CFF0 /* Lato-Reg.ttf in Resources */ = {isa = PBXBuildFile; fileRef = 25C5160519077ABC00B6CFF0 /* Lato-Reg.ttf */; };
		25C5161B19077ABC00B6CFF0 /* MyriadPro-Bold.otf in Resources */ = {isa = PBXBuildFile; fileRef = 25C5160619077ABC00B6CFF0 /* MyriadPro-Bold.otf */; };
		25C5161C19077ABC00B6CFF0 /* MyriadPro-Regular.otf in Resources */ = {isa = PBXBuildFile; fileRef = 25C5160719077ABC00B6CFF0 /* MyriadPro-Regular.otf */; };
		25C5161D19077ABC00B6CFF0 /* SOUPER3.ttf in Resources */ = {isa = PBXBuildFile; fileRef = 25C5160819077ABC00B6CFF0 /* SOUPER3.ttf */; };
		25C5161E19077ABC00B6CFF0 /* subtlesansultralight.ttf in Resources */ = {isa = PBXBuildFile; fileRef = 25C5160919077ABC00B6CFF0 /* subtlesansultralight.ttf */; };
		25C5161F19077ABC00B6CFF0 /* UniversLT.ttf in Resources */ = {isa = PBXBuildFile; fileRef = 25C5160A19077ABC00B6CFF0 /* UniversLT.ttf */; };
		25C5162019077ABC00B6CFF0 /* URWGroteskTLigCon.ttf in Resources */ = {isa = PBXBuildFile; fileRef = 25C5160B19077ABC00B6CFF0 /* URWGroteskTLigCon.ttf */; };
		25C5162119077ABC00B6CFF0 /* header_bg@2x.png in Resources */ = {isa = PBXBuildFile; fileRef = 25C5160C19077ABC00B6CFF0 /* header_bg@2x.png */; };
		25C5162219077ABC00B6CFF0 /* photo_album.png in Resources */ = {isa = PBXBuildFile; fileRef = 25C5160D19077ABC00B6CFF0 /* photo_album.png */; };
		25C5162319077ABC00B6CFF0 /* photo_album.psd in Resources */ = {isa = PBXBuildFile; fileRef = 25C5160E19077ABC00B6CFF0 /* photo_album.psd */; };
		25C5162419077ABC00B6CFF0 /* tabbar_camera.png in Resources */ = {isa = PBXBuildFile; fileRef = 25C5160F19077ABC00B6CFF0 /* tabbar_camera.png */; };
		25C5162519077ABC00B6CFF0 /* tabbar_pin.png in Resources */ = {isa = PBXBuildFile; fileRef = 25C5161019077ABC00B6CFF0 /* tabbar_pin.png */; };
/* End PBXBuildFile section */

/* Begin PBXContainerItemProxy section */
		25C515DC190773D700B6CFF0 /* PBXContainerItemProxy */ = {
			isa = PBXContainerItemProxy;
			containerPortal = 25C515B4190773D700B6CFF0 /* Project object */;
			proxyType = 1;
			remoteGlobalIDString = 25C515BB190773D700B6CFF0;
			remoteInfo = CoreAss02;
		};
/* End PBXContainerItemProxy section */

/* Begin PBXFileReference section */
		25C515BC190773D700B6CFF0 /* CoreAss02.app */ = {isa = PBXFileReference; explicitFileType = wrapper.application; includeInIndex = 0; path = CoreAss02.app; sourceTree = BUILT_PRODUCTS_DIR; };
		25C515BF190773D700B6CFF0 /* Foundation.framework */ = {isa = PBXFileReference; lastKnownFileType = wrapper.framework; name = Foundation.framework; path = System/Library/Frameworks/Foundation.framework; sourceTree = SDKROOT; };
		25C515C1190773D700B6CFF0 /* CoreGraphics.framework */ = {isa = PBXFileReference; lastKnownFileType = wrapper.framework; name = CoreGraphics.framework; path = System/Library/Frameworks/CoreGraphics.framework; sourceTree = SDKROOT; };
		25C515C3190773D700B6CFF0 /* UIKit.framework */ = {isa = PBXFileReference; lastKnownFileType = wrapper.framework; name = UIKit.framework; path = System/Library/Frameworks/UIKit.framework; sourceTree = SDKROOT; };
		25C515C7190773D700B6CFF0 /* CoreAss02-Info.plist */ = {isa = PBXFileReference; lastKnownFileType = text.plist.xml; path = "CoreAss02-Info.plist"; sourceTree = "<group>"; };
		25C515C9190773D700B6CFF0 /* en */ = {isa = PBXFileReference; lastKnownFileType = text.plist.strings; name = en; path = en.lproj/InfoPlist.strings; sourceTree = "<group>"; };
		25C515CB190773D700B6CFF0 /* main.m */ = {isa = PBXFileReference; lastKnownFileType = sourcecode.c.objc; path = main.m; sourceTree = "<group>"; };
		25C515CD190773D700B6CFF0 /* CoreAss02-Prefix.pch */ = {isa = PBXFileReference; lastKnownFileType = sourcecode.c.h; path = "CoreAss02-Prefix.pch"; sourceTree = "<group>"; };
		25C515CE190773D700B6CFF0 /* AppDelegate.h */ = {isa = PBXFileReference; lastKnownFileType = sourcecode.c.h; path = AppDelegate.h; sourceTree = "<group>"; };
		25C515CF190773D700B6CFF0 /* AppDelegate.m */ = {isa = PBXFileReference; lastKnownFileType = sourcecode.c.objc; path = AppDelegate.m; sourceTree = "<group>"; };
		25C515D1190773D700B6CFF0 /* Images.xcassets */ = {isa = PBXFileReference; lastKnownFileType = folder.assetcatalog; path = Images.xcassets; sourceTree = "<group>"; };
		25C515D7190773D700B6CFF0 /* CoreAss02Tests.xctest */ = {isa = PBXFileReference; explicitFileType = wrapper.cfbundle; includeInIndex = 0; path = CoreAss02Tests.xctest; sourceTree = BUILT_PRODUCTS_DIR; };
		25C515D8190773D700B6CFF0 /* XCTest.framework */ = {isa = PBXFileReference; lastKnownFileType = wrapper.framework; name = XCTest.framework; path = Library/Frameworks/XCTest.framework; sourceTree = DEVELOPER_DIR; };
		25C515E0190773D700B6CFF0 /* CoreAss02Tests-Info.plist */ = {isa = PBXFileReference; lastKnownFileType = text.plist.xml; path = "CoreAss02Tests-Info.plist"; sourceTree = "<group>"; };
		25C515E2190773D700B6CFF0 /* en */ = {isa = PBXFileReference; lastKnownFileType = text.plist.strings; name = en; path = en.lproj/InfoPlist.strings; sourceTree = "<group>"; };
		25C515E4190773D700B6CFF0 /* CoreAss02Tests.m */ = {isa = PBXFileReference; lastKnownFileType = sourcecode.c.objc; path = CoreAss02Tests.m; sourceTree = "<group>"; };
		25C515EE1907769F00B6CFF0 /* MainViewController.h */ = {isa = PBXFileReference; fileEncoding = 4; lastKnownFileType = sourcecode.c.h; path = MainViewController.h; sourceTree = "<group>"; };
		25C515EF1907769F00B6CFF0 /* MainViewController.m */ = {isa = PBXFileReference; fileEncoding = 4; lastKnownFileType = sourcecode.c.objc; path = MainViewController.m; sourceTree = "<group>"; };
		25C515F4190776D200B6CFF0 /* NoteViewController.h */ = {isa = PBXFileReference; fileEncoding = 4; lastKnownFileType = sourcecode.c.h; path = NoteViewController.h; sourceTree = "<group>"; };
		25C515F5190776D200B6CFF0 /* NoteViewController.m */ = {isa = PBXFileReference; fileEncoding = 4; lastKnownFileType = sourcecode.c.objc; path = NoteViewController.m; sourceTree = "<group>"; };
		25C515F71907771900B6CFF0 /* NoteDetailViewController.h */ = {isa = PBXFileReference; fileEncoding = 4; lastKnownFileType = sourcecode.c.h; path = NoteDetailViewController.h; sourceTree = "<group>"; };
		25C515F81907771900B6CFF0 /* NoteDetailViewController.m */ = {isa = PBXFileReference; fileEncoding = 4; lastKnownFileType = sourcecode.c.objc; path = NoteDetailViewController.m; sourceTree = "<group>"; };
		25C515FB19077ABC00B6CFF0 /* add.png */ = {isa = PBXFileReference; lastKnownFileType = image.png; path = add.png; sourceTree = "<group>"; };
		25C515FC19077ABC00B6CFF0 /* backgroung@2x.png */ = {isa = PBXFileReference; lastKnownFileType = image.png; path = "backgroung@2x.png"; sourceTree = "<group>"; };
		25C515FD19077ABC00B6CFF0 /* base.png */ = {isa = PBXFileReference; lastKnownFileType = image.png; path = base.png; sourceTree = "<group>"; };
		25C515FE19077ABC00B6CFF0 /* cancel.png */ = {isa = PBXFileReference; lastKnownFileType = image.png; path = cancel.png; sourceTree = "<group>"; };
		25C515FF19077ABC00B6CFF0 /* done.png */ = {isa = PBXFileReference; lastKnownFileType = image.png; path = done.png; sourceTree = "<group>"; };
		25C5160119077ABC00B6CFF0 /* ALTGOT2N.ttf */ = {isa = PBXFileReference; lastKnownFileType = file; path = ALTGOT2N.ttf; sourceTree = "<group>"; };
		25C5160219077ABC00B6CFF0 /* APJapanesefont.ttf */ = {isa = PBXFileReference; lastKnownFileType = file; path = APJapanesefont.ttf; sourceTree = "<group>"; };
		25C5160319077ABC00B6CFF0 /* Bigmouth-Bold.ttf */ = {isa = PBXFileReference; lastKnownFileType = file; path = "Bigmouth-Bold.ttf"; sourceTree = "<group>"; };
		25C5160419077ABC00B6CFF0 /* Lato-Bol.ttf */ = {isa = PBXFileReference; lastKnownFileType = file; path = "Lato-Bol.ttf"; sourceTree = "<group>"; };
		25C5160519077ABC00B6CFF0 /* Lato-Reg.ttf */ = {isa = PBXFileReference; lastKnownFileType = file; path = "Lato-Reg.ttf"; sourceTree = "<group>"; };
		25C5160619077ABC00B6CFF0 /* MyriadPro-Bold.otf */ = {isa = PBXFileReference; lastKnownFileType = file; path = "MyriadPro-Bold.otf"; sourceTree = "<group>"; };
		25C5160719077ABC00B6CFF0 /* MyriadPro-Regular.otf */ = {isa = PBXFileReference; lastKnownFileType = file; path = "MyriadPro-Regular.otf"; sourceTree = "<group>"; };
		25C5160819077ABC00B6CFF0 /* SOUPER3.ttf */ = {isa = PBXFileReference; lastKnownFileType = file; path = SOUPER3.ttf; sourceTree = "<group>"; };
		25C5160919077ABC00B6CFF0 /* subtlesansultralight.ttf */ = {isa = PBXFileReference; lastKnownFileType = file; path = subtlesansultralight.ttf; sourceTree = "<group>"; };
		25C5160A19077ABC00B6CFF0 /* UniversLT.ttf */ = {isa = PBXFileReference; lastKnownFileType = file; path = UniversLT.ttf; sourceTree = "<group>"; };
		25C5160B19077ABC00B6CFF0 /* URWGroteskTLigCon.ttf */ = {isa = PBXFileReference; lastKnownFileType = file; path = URWGroteskTLigCon.ttf; sourceTree = "<group>"; };
		25C5160C19077ABC00B6CFF0 /* header_bg@2x.png */ = {isa = PBXFileReference; lastKnownFileType = image.png; path = "header_bg@2x.png"; sourceTree = "<group>"; };
		25C5160D19077ABC00B6CFF0 /* photo_album.png */ = {isa = PBXFileReference; lastKnownFileType = image.png; path = photo_album.png; sourceTree = "<group>"; };
		25C5160E19077ABC00B6CFF0 /* photo_album.psd */ = {isa = PBXFileReference; lastKnownFileType = file; path = photo_album.psd; sourceTree = "<group>"; };
		25C5160F19077ABC00B6CFF0 /* tabbar_camera.png */ = {isa = PBXFileReference; lastKnownFileType = image.png; path = tabbar_camera.png; sourceTree = "<group>"; };
		25C5161019077ABC00B6CFF0 /* tabbar_pin.png */ = {isa = PBXFileReference; lastKnownFileType = image.png; path = tabbar_pin.png; sourceTree = "<group>"; };
/* End PBXFileReference section */

/* Begin PBXFrameworksBuildPhase section */
		25C515B9190773D700B6CFF0 /* Frameworks */ = {
			isa = PBXFrameworksBuildPhase;
			buildActionMask = 2147483647;
			files = (
				25C515C2190773D700B6CFF0 /* CoreGraphics.framework in Frameworks */,
				25C515C4190773D700B6CFF0 /* UIKit.framework in Frameworks */,
				25C515C0190773D700B6CFF0 /* Foundation.framework in Frameworks */,
			);
			runOnlyForDeploymentPostprocessing = 0;
		};
		25C515D4190773D700B6CFF0 /* Frameworks */ = {
			isa = PBXFrameworksBuildPhase;
			buildActionMask = 2147483647;
			files = (
				25C515D9190773D700B6CFF0 /* XCTest.framework in Frameworks */,
				25C515DB190773D700B6CFF0 /* UIKit.framework in Frameworks */,
				25C515DA190773D700B6CFF0 /* Foundation.framework in Frameworks */,
			);
			runOnlyForDeploymentPostprocessing = 0;
		};
/* End PBXFrameworksBuildPhase section */

/* Begin PBXGroup section */
		25C515B3190773D700B6CFF0 = {
			isa = PBXGroup;
			children = (
				25C515C5190773D700B6CFF0 /* CoreAss02 */,
				25C515DE190773D700B6CFF0 /* CoreAss02Tests */,
				25C515BE190773D700B6CFF0 /* Frameworks */,
				25C515BD190773D700B6CFF0 /* Products */,
			);
			sourceTree = "<group>";
		};
		25C515BD190773D700B6CFF0 /* Products */ = {
			isa = PBXGroup;
			children = (
				25C515BC190773D700B6CFF0 /* CoreAss02.app */,
				25C515D7190773D700B6CFF0 /* CoreAss02Tests.xctest */,
			);
			name = Products;
			sourceTree = "<group>";
		};
		25C515BE190773D700B6CFF0 /* Frameworks */ = {
			isa = PBXGroup;
			children = (
				25C515BF190773D700B6CFF0 /* Foundation.framework */,
				25C515C1190773D700B6CFF0 /* CoreGraphics.framework */,
				25C515C3190773D700B6CFF0 /* UIKit.framework */,
				25C515D8190773D700B6CFF0 /* XCTest.framework */,
			);
			name = Frameworks;
			sourceTree = "<group>";
		};
		25C515C5190773D700B6CFF0 /* CoreAss02 */ = {
			isa = PBXGroup;
			children = (
				25C515CE190773D700B6CFF0 /* AppDelegate.h */,
				25C515CF190773D700B6CFF0 /* AppDelegate.m */,
				25C515FA19077ABC00B6CFF0 /* resourse */,
				25C515D1190773D700B6CFF0 /* Images.xcassets */,
				25C515C6190773D700B6CFF0 /* Supporting Files */,
				25C515EE1907769F00B6CFF0 /* MainViewController.h */,
				25C515EF1907769F00B6CFF0 /* MainViewController.m */,
				25C515F4190776D200B6CFF0 /* NoteViewController.h */,
				25C515F5190776D200B6CFF0 /* NoteViewController.m */,
				25C515F71907771900B6CFF0 /* NoteDetailViewController.h */,
				25C515F81907771900B6CFF0 /* NoteDetailViewController.m */,
			);
			path = CoreAss02;
			sourceTree = "<group>";
		};
		25C515C6190773D700B6CFF0 /* Supporting Files */ = {
			isa = PBXGroup;
			children = (
				25C515C7190773D700B6CFF0 /* CoreAss02-Info.plist */,
				25C515C8190773D700B6CFF0 /* InfoPlist.strings */,
				25C515CB190773D700B6CFF0 /* main.m */,
				25C515CD190773D700B6CFF0 /* CoreAss02-Prefix.pch */,
			);
			name = "Supporting Files";
			sourceTree = "<group>";
		};
		25C515DE190773D700B6CFF0 /* CoreAss02Tests */ = {
			isa = PBXGroup;
			children = (
				25C515E4190773D700B6CFF0 /* CoreAss02Tests.m */,
				25C515DF190773D700B6CFF0 /* Supporting Files */,
			);
			path = CoreAss02Tests;
			sourceTree = "<group>";
		};
		25C515DF190773D700B6CFF0 /* Supporting Files */ = {
			isa = PBXGroup;
			children = (
				25C515E0190773D700B6CFF0 /* CoreAss02Tests-Info.plist */,
				25C515E1190773D700B6CFF0 /* InfoPlist.strings */,
			);
			name = "Supporting Files";
			sourceTree = "<group>";
		};
		25C515FA19077ABC00B6CFF0 /* resourse */ = {
			isa = PBXGroup;
			children = (
				25C515FB19077ABC00B6CFF0 /* add.png */,
				25C515FC19077ABC00B6CFF0 /* backgroung@2x.png */,
				25C515FD19077ABC00B6CFF0 /* base.png */,
				25C515FE19077ABC00B6CFF0 /* cancel.png */,
				25C515FF19077ABC00B6CFF0 /* done.png */,
				25C5160019077ABC00B6CFF0 /* font */,
				25C5160C19077ABC00B6CFF0 /* header_bg@2x.png */,
				25C5160D19077ABC00B6CFF0 /* photo_album.png */,
				25C5160E19077ABC00B6CFF0 /* photo_album.psd */,
				25C5160F19077ABC00B6CFF0 /* tabbar_camera.png */,
				25C5161019077ABC00B6CFF0 /* tabbar_pin.png */,
			);
			path = resourse;
			sourceTree = "<group>";
		};
		25C5160019077ABC00B6CFF0 /* font */ = {
			isa = PBXGroup;
			children = (
				25C5160119077ABC00B6CFF0 /* ALTGOT2N.ttf */,
				25C5160219077ABC00B6CFF0 /* APJapanesefont.ttf */,
				25C5160319077ABC00B6CFF0 /* Bigmouth-Bold.ttf */,
				25C5160419077ABC00B6CFF0 /* Lato-Bol.ttf */,
				25C5160519077ABC00B6CFF0 /* Lato-Reg.ttf */,
				25C5160619077ABC00B6CFF0 /* MyriadPro-Bold.otf */,
				25C5160719077ABC00B6CFF0 /* MyriadPro-Regular.otf */,
				25C5160819077ABC00B6CFF0 /* SOUPER3.ttf */,
				25C5160919077ABC00B6CFF0 /* subtlesansultralight.ttf */,
				25C5160A19077ABC00B6CFF0 /* UniversLT.ttf */,
				25C5160B19077ABC00B6CFF0 /* URWGroteskTLigCon.ttf */,
			);
			path = font;
			sourceTree = "<group>";
		};
/* End PBXGroup section */

/* Begin PBXNativeTarget section */
		25C515BB190773D700B6CFF0 /* CoreAss02 */ = {
			isa = PBXNativeTarget;
			buildConfigurationList = 25C515E8190773D700B6CFF0 /* Build configuration list for PBXNativeTarget "CoreAss02" */;
			buildPhases = (
				25C515B8190773D700B6CFF0 /* Sources */,
				25C515B9190773D700B6CFF0 /* Frameworks */,
				25C515BA190773D700B6CFF0 /* Resources */,
			);
			buildRules = (
			);
			dependencies = (
			);
			name = CoreAss02;
			productName = CoreAss02;
			productReference = 25C515BC190773D700B6CFF0 /* CoreAss02.app */;
			productType = "com.apple.product-type.application";
		};
		25C515D6190773D700B6CFF0 /* CoreAss02Tests */ = {
			isa = PBXNativeTarget;
			buildConfigurationList = 25C515EB190773D700B6CFF0 /* Build configuration list for PBXNativeTarget "CoreAss02Tests" */;
			buildPhases = (
				25C515D3190773D700B6CFF0 /* Sources */,
				25C515D4190773D700B6CFF0 /* Frameworks */,
				25C515D5190773D700B6CFF0 /* Resources */,
			);
			buildRules = (
			);
			dependencies = (
				25C515DD190773D700B6CFF0 /* PBXTargetDependency */,
			);
			name = CoreAss02Tests;
			productName = CoreAss02Tests;
			productReference = 25C515D7190773D700B6CFF0 /* CoreAss02Tests.xctest */;
			productType = "com.apple.product-type.bundle.unit-test";
		};
/* End PBXNativeTarget section */

/* Begin PBXProject section */
		25C515B4190773D700B6CFF0 /* Project object */ = {
			isa = PBXProject;
			attributes = {
				LastUpgradeCheck = 0510;
				ORGANIZATIONNAME = "Tanaka Koichi";
				TargetAttributes = {
					25C515D6190773D700B6CFF0 = {
						TestTargetID = 25C515BB190773D700B6CFF0;
					};
				};
			};
			buildConfigurationList = 25C515B7190773D700B6CFF0 /* Build configuration list for PBXProject "CoreAss02" */;
			compatibilityVersion = "Xcode 3.2";
			developmentRegion = English;
			hasScannedForEncodings = 0;
			knownRegions = (
				en,
			);
			mainGroup = 25C515B3190773D700B6CFF0;
			productRefGroup = 25C515BD190773D700B6CFF0 /* Products */;
			projectDirPath = "";
			projectRoot = "";
			targets = (
				25C515BB190773D700B6CFF0 /* CoreAss02 */,
				25C515D6190773D700B6CFF0 /* CoreAss02Tests */,
			);
		};
/* End PBXProject section */

/* Begin PBXResourcesBuildPhase section */
		25C515BA190773D700B6CFF0 /* Resources */ = {
			isa = PBXResourcesBuildPhase;
			buildActionMask = 2147483647;
			files = (
				25C5161819077ABC00B6CFF0 /* Bigmouth-Bold.ttf in Resources */,
				25C5161719077ABC00B6CFF0 /* APJapanesefont.ttf in Resources */,
				25C5162019077ABC00B6CFF0 /* URWGroteskTLigCon.ttf in Resources */,
				25C5162119077ABC00B6CFF0 /* header_bg@2x.png in Resources */,
				25C5161119077ABC00B6CFF0 /* add.png in Resources */,
				25C5161319077ABC00B6CFF0 /* base.png in Resources */,
				25C5161F19077ABC00B6CFF0 /* UniversLT.ttf in Resources */,
				25C5161219077ABC00B6CFF0 /* backgroung@2x.png in Resources */,
				25C5161D19077ABC00B6CFF0 /* SOUPER3.ttf in Resources */,
				25C5161619077ABC00B6CFF0 /* ALTGOT2N.ttf in Resources */,
				25C5161519077ABC00B6CFF0 /* done.png in Resources */,
				25C5161E19077ABC00B6CFF0 /* subtlesansultralight.ttf in Resources */,
				25C5161419077ABC00B6CFF0 /* cancel.png in Resources */,
				25C5161919077ABC00B6CFF0 /* Lato-Bol.ttf in Resources */,
				25C5162419077ABC00B6CFF0 /* tabbar_camera.png in Resources */,
				25C5161B19077ABC00B6CFF0 /* MyriadPro-Bold.otf in Resources */,
				25C5161C19077ABC00B6CFF0 /* MyriadPro-Regular.otf in Resources */,
				25C5162219077ABC00B6CFF0 /* photo_album.png in Resources */,
				25C5162319077ABC00B6CFF0 /* photo_album.psd in Resources */,
				25C515CA190773D700B6CFF0 /* InfoPlist.strings in Resources */,
				25C515D2190773D700B6CFF0 /* Images.xcassets in Resources */,
				25C5162519077ABC00B6CFF0 /* tabbar_pin.png in Resources */,
				25C5161A19077ABC00B6CFF0 /* Lato-Reg.ttf in Resources */,
			);
			runOnlyForDeploymentPostprocessing = 0;
		};
		25C515D5190773D700B6CFF0 /* Resources */ = {
			isa = PBXResourcesBuildPhase;
			buildActionMask = 2147483647;
			files = (
				25C515E3190773D700B6CFF0 /* InfoPlist.strings in Resources */,
			);
			runOnlyForDeploymentPostprocessing = 0;
		};
/* End PBXResourcesBuildPhase section */

/* Begin PBXSourcesBuildPhase section */
		25C515B8190773D700B6CFF0 /* Sources */ = {
			isa = PBXSourcesBuildPhase;
			buildActionMask = 2147483647;
			files = (
				25C515F91907771900B6CFF0 /* NoteDetailViewController.m in Sources */,
				25C515D0190773D700B6CFF0 /* AppDelegate.m in Sources */,
				25C515F01907769F00B6CFF0 /* MainViewController.m in Sources */,
				25C515CC190773D700B6CFF0 /* main.m in Sources */,
				25C515F6190776D200B6CFF0 /* NoteViewController.m in Sources */,
			);
			runOnlyForDeploymentPostprocessing = 0;
		};
		25C515D3190773D700B6CFF0 /* Sources */ = {
			isa = PBXSourcesBuildPhase;
			buildActionMask = 2147483647;
			files = (
				25C515E5190773D700B6CFF0 /* CoreAss02Tests.m in Sources */,
			);
			runOnlyForDeploymentPostprocessing = 0;
		};
/* End PBXSourcesBuildPhase section */

/* Begin PBXTargetDependency section */
		25C515DD190773D700B6CFF0 /* PBXTargetDependency */ = {
			isa = PBXTargetDependency;
			target = 25C515BB190773D700B6CFF0 /* CoreAss02 */;
			targetProxy = 25C515DC190773D700B6CFF0 /* PBXContainerItemProxy */;
		};
/* End PBXTargetDependency section */

/* Begin PBXVariantGroup section */
		25C515C8190773D700B6CFF0 /* InfoPlist.strings */ = {
			isa = PBXVariantGroup;
			children = (
				25C515C9190773D700B6CFF0 /* en */,
			);
			name = InfoPlist.strings;
			sourceTree = "<group>";
		};
		25C515E1190773D700B6CFF0 /* InfoPlist.strings */ = {
			isa = PBXVariantGroup;
			children = (
				25C515E2190773D700B6CFF0 /* en */,
			);
			name = InfoPlist.strings;
			sourceTree = "<group>";
		};
/* End PBXVariantGroup section */

/* Begin XCBuildConfiguration section */
		25C515E6190773D700B6CFF0 /* Debug */ = {
			isa = XCBuildConfiguration;
			buildSettings = {
				ALWAYS_SEARCH_USER_PATHS = NO;
				CLANG_CXX_LANGUAGE_STANDARD = "gnu++0x";
				CLANG_CXX_LIBRARY = "libc++";
				CLANG_ENABLE_MODULES = YES;
				CLANG_ENABLE_OBJC_ARC = YES;
				CLANG_WARN_BOOL_CONVERSION = YES;
				CLANG_WARN_CONSTANT_CONVERSION = YES;
				CLANG_WARN_DIRECT_OBJC_ISA_USAGE = YES_ERROR;
				CLANG_WARN_EMPTY_BODY = YES;
				CLANG_WARN_ENUM_CONVERSION = YES;
				CLANG_WARN_INT_CONVERSION = YES;
				CLANG_WARN_OBJC_ROOT_CLASS = YES_ERROR;
				CLANG_WARN__DUPLICATE_METHOD_MATCH = YES;
				"CODE_SIGN_IDENTITY[sdk=iphoneos*]" = "iPhone Developer";
				COPY_PHASE_STRIP = NO;
				GCC_C_LANGUAGE_STANDARD = gnu99;
				GCC_DYNAMIC_NO_PIC = NO;
				GCC_OPTIMIZATION_LEVEL = 0;
				GCC_PREPROCESSOR_DEFINITIONS = (
					"DEBUG=1",
					"$(inherited)",
				);
				GCC_SYMBOLS_PRIVATE_EXTERN = NO;
				GCC_WARN_64_TO_32_BIT_CONVERSION = YES;
				GCC_WARN_ABOUT_RETURN_TYPE = YES_ERROR;
				GCC_WARN_UNDECLARED_SELECTOR = YES;
				GCC_WARN_UNINITIALIZED_AUTOS = YES_AGGRESSIVE;
				GCC_WARN_UNUSED_FUNCTION = YES;
				GCC_WARN_UNUSED_VARIABLE = YES;
				IPHONEOS_DEPLOYMENT_TARGET = 7.1;
				ONLY_ACTIVE_ARCH = YES;
				SDKROOT = iphoneos;
				TARGETED_DEVICE_FAMILY = "1,2";
			};
			name = Debug;
		};
		25C515E7190773D700B6CFF0 /* Release */ = {
			isa = XCBuildConfiguration;
			buildSettings = {
				ALWAYS_SEARCH_USER_PATHS = NO;
				CLANG_CXX_LANGUAGE_STANDARD = "gnu++0x";
				CLANG_CXX_LIBRARY = "libc++";
				CLANG_ENABLE_MODULES = YES;
				CLANG_ENABLE_OBJC_ARC = YES;
				CLANG_WARN_BOOL_CONVERSION = YES;
				CLANG_WARN_CONSTANT_CONVERSION = YES;
				CLANG_WARN_DIRECT_OBJC_ISA_USAGE = YES_ERROR;
				CLANG_WARN_EMPTY_BODY = YES;
				CLANG_WARN_ENUM_CONVERSION = YES;
				CLANG_WARN_INT_CONVERSION = YES;
				CLANG_WARN_OBJC_ROOT_CLASS = YES_ERROR;
				CLANG_WARN__DUPLICATE_METHOD_MATCH = YES;
				"CODE_SIGN_IDENTITY[sdk=iphoneos*]" = "iPhone Developer";
				COPY_PHASE_STRIP = YES;
				ENABLE_NS_ASSERTIONS = NO;
				GCC_C_LANGUAGE_STANDARD = gnu99;
				GCC_WARN_64_TO_32_BIT_CONVERSION = YES;
				GCC_WARN_ABOUT_RETURN_TYPE = YES_ERROR;
				GCC_WARN_UNDECLARED_SELECTOR = YES;
				GCC_WARN_UNINITIALIZED_AUTOS = YES_AGGRESSIVE;
				GCC_WARN_UNUSED_FUNCTION = YES;
				GCC_WARN_UNUSED_VARIABLE = YES;
				IPHONEOS_DEPLOYMENT_TARGET = 7.1;
				SDKROOT = iphoneos;
				TARGETED_DEVICE_FAMILY = "1,2";
				VALIDATE_PRODUCT = YES;
			};
			name = Release;
		};
		25C515E9190773D700B6CFF0 /* Debug */ = {
			isa = XCBuildConfiguration;
			buildSettings = {
				ASSETCATALOG_COMPILER_APPICON_NAME = AppIcon;
				ASSETCATALOG_COMPILER_LAUNCHIMAGE_NAME = LaunchImage;
				GCC_PRECOMPILE_PREFIX_HEADER = YES;
				GCC_PREFIX_HEADER = "CoreAss02/CoreAss02-Prefix.pch";
				INFOPLIST_FILE = "CoreAss02/CoreAss02-Info.plist";
				PRODUCT_NAME = "$(TARGET_NAME)";
				WRAPPER_EXTENSION = app;
			};
			name = Debug;
		};
		25C515EA190773D700B6CFF0 /* Release */ = {
			isa = XCBuildConfiguration;
			buildSettings = {
				ASSETCATALOG_COMPILER_APPICON_NAME = AppIcon;
				ASSETCATALOG_COMPILER_LAUNCHIMAGE_NAME = LaunchImage;
				GCC_PRECOMPILE_PREFIX_HEADER = YES;
				GCC_PREFIX_HEADER = "CoreAss02/CoreAss02-Prefix.pch";
				INFOPLIST_FILE = "CoreAss02/CoreAss02-Info.plist";
				PRODUCT_NAME = "$(TARGET_NAME)";
				WRAPPER_EXTENSION = app;
			};
			name = Release;
		};
		25C515EC190773D700B6CFF0 /* Debug */ = {
			isa = XCBuildConfiguration;
			buildSettings = {
				BUNDLE_LOADER = "$(BUILT_PRODUCTS_DIR)/CoreAss02.app/CoreAss02";
				FRAMEWORK_SEARCH_PATHS = (
					"$(SDKROOT)/Developer/Library/Frameworks",
					"$(inherited)",
					"$(DEVELOPER_FRAMEWORKS_DIR)",
				);
				GCC_PRECOMPILE_PREFIX_HEADER = YES;
				GCC_PREFIX_HEADER = "CoreAss02/CoreAss02-Prefix.pch";
				GCC_PREPROCESSOR_DEFINITIONS = (
					"DEBUG=1",
					"$(inherited)",
				);
				INFOPLIST_FILE = "CoreAss02Tests/CoreAss02Tests-Info.plist";
				PRODUCT_NAME = "$(TARGET_NAME)";
				TEST_HOST = "$(BUNDLE_LOADER)";
				WRAPPER_EXTENSION = xctest;
			};
			name = Debug;
		};
		25C515ED190773D700B6CFF0 /* Release */ = {
			isa = XCBuildConfiguration;
			buildSettings = {
				BUNDLE_LOADER = "$(BUILT_PRODUCTS_DIR)/CoreAss02.app/CoreAss02";
				FRAMEWORK_SEARCH_PATHS = (
					"$(SDKROOT)/Developer/Library/Frameworks",
					"$(inherited)",
					"$(DEVELOPER_FRAMEWORKS_DIR)",
				);
				GCC_PRECOMPILE_PREFIX_HEADER = YES;
				GCC_PREFIX_HEADER = "CoreAss02/CoreAss02-Prefix.pch";
				INFOPLIST_FILE = "CoreAss02Tests/CoreAss02Tests-Info.plist";
				PRODUCT_NAME = "$(TARGET_NAME)";
				TEST_HOST = "$(BUNDLE_LOADER)";
				WRAPPER_EXTENSION = xctest;
			};
			name = Release;
		};
/* End XCBuildConfiguration section */

/* Begin XCConfigurationList section */
		25C515B7190773D700B6CFF0 /* Build configuration list for PBXProject "CoreAss02" */ = {
			isa = XCConfigurationList;
			buildConfigurations = (
				25C515E6190773D700B6CFF0 /* Debug */,
				25C515E7190773D700B6CFF0 /* Release */,
			);
			defaultConfigurationIsVisible = 0;
			defaultConfigurationName = Release;
		};
		25C515E8190773D700B6CFF0 /* Build configuration list for PBXNativeTarget "CoreAss02" */ = {
			isa = XCConfigurationList;
			buildConfigurations = (
				25C515E9190773D700B6CFF0 /* Debug */,
				25C515EA190773D700B6CFF0 /* Release */,
			);
			defaultConfigurationIsVisible = 0;
		};
		25C515EB190773D700B6CFF0 /* Build configuration list for PBXNativeTarget "CoreAss02Tests" */ = {
			isa = XCConfigurationList;
			buildConfigurations = (
				25C515EC190773D700B6CFF0 /* Debug */,
				25C515ED190773D700B6CFF0 /* Release */,
			);
			defaultConfigurationIsVisible = 0;
		};
/* End XCConfigurationList section */
	};
	rootObject = 25C515B4190773D700B6CFF0 /* Project object */;
}
